// !$*UTF8*$!
{
	archiveVersion = 1;
	classes = {
	};
	objectVersion = 50;
	objects = {

/* Begin PBXBuildFile section */
		FD8A71E5263843CB008AEFFD /* Line.cpp in Sources */ = {isa = PBXBuildFile; fileRef = FD8A71D5263843CB008AEFFD /* Line.cpp */; };
		FD8A71E6263843CB008AEFFD /* Canvas.cpp in Sources */ = {isa = PBXBuildFile; fileRef = FD8A71D6263843CB008AEFFD /* Canvas.cpp */; };
		FD8A71E7263843CB008AEFFD /* GlobalVar.cpp in Sources */ = {isa = PBXBuildFile; fileRef = FD8A71D7263843CB008AEFFD /* GlobalVar.cpp */; };
		FD8A71E8263843CB008AEFFD /* Quadrilateral.cpp in Sources */ = {isa = PBXBuildFile; fileRef = FD8A71D8263843CB008AEFFD /* Quadrilateral.cpp */; };
		FD8A71E9263843CB008AEFFD /* Point.cpp in Sources */ = {isa = PBXBuildFile; fileRef = FD8A71D9263843CB008AEFFD /* Point.cpp */; };
		FD8A71EA263843CB008AEFFD /* Triangle.cpp in Sources */ = {isa = PBXBuildFile; fileRef = FD8A71DA263843CB008AEFFD /* Triangle.cpp */; };
		FD8A71EC263843CB008AEFFD /* Oval.cpp in Sources */ = {isa = PBXBuildFile; fileRef = FD8A71DC263843CB008AEFFD /* Oval.cpp */; };
		FD8A71EE263843CC008AEFFD /* main.cpp in Sources */ = {isa = PBXBuildFile; fileRef = FD8A71DF263843CB008AEFFD /* main.cpp */; };
		FD8A71F3263843E3008AEFFD /* OpenGL.framework in Frameworks */ = {isa = PBXBuildFile; fileRef = FD8A71F2263843E3008AEFFD /* OpenGL.framework */; };
		FD8A71F5263843E6008AEFFD /* GLUT.framework in Frameworks */ = {isa = PBXBuildFile; fileRef = FD8A71F4263843E6008AEFFD /* GLUT.framework */; };
		FDEDC6E32639931C0009AAA3 /* Matrix.cpp in Sources */ = {isa = PBXBuildFile; fileRef = FDEDC6E12639931C0009AAA3 /* Matrix.cpp */; };
/* End PBXBuildFile section */

/* Begin PBXCopyFilesBuildPhase section */
		FD8A71C726384385008AEFFD /* CopyFiles */ = {
			isa = PBXCopyFilesBuildPhase;
			buildActionMask = 2147483647;
			dstPath = /usr/share/man/man1/;
			dstSubfolderSpec = 0;
			files = (
			);
			runOnlyForDeploymentPostprocessing = 1;
		};
/* End PBXCopyFilesBuildPhase section */

/* Begin PBXFileReference section */
		FD8A71C926384385008AEFFD /* Lab03 */ = {isa = PBXFileReference; explicitFileType = "compiled.mach-o.executable"; includeInIndex = 0; path = Lab03; sourceTree = BUILT_PRODUCTS_DIR; };
		FD8A71D5263843CB008AEFFD /* Line.cpp */ = {isa = PBXFileReference; fileEncoding = 4; lastKnownFileType = sourcecode.cpp.cpp; path = Line.cpp; sourceTree = "<group>"; };
		FD8A71D6263843CB008AEFFD /* Canvas.cpp */ = {isa = PBXFileReference; fileEncoding = 4; lastKnownFileType = sourcecode.cpp.cpp; path = Canvas.cpp; sourceTree = "<group>"; };
		FD8A71D7263843CB008AEFFD /* GlobalVar.cpp */ = {isa = PBXFileReference; fileEncoding = 4; lastKnownFileType = sourcecode.cpp.cpp; path = GlobalVar.cpp; sourceTree = "<group>"; };
		FD8A71D8263843CB008AEFFD /* Quadrilateral.cpp */ = {isa = PBXFileReference; fileEncoding = 4; lastKnownFileType = sourcecode.cpp.cpp; path = Quadrilateral.cpp; sourceTree = "<group>"; };
		FD8A71D9263843CB008AEFFD /* Point.cpp */ = {isa = PBXFileReference; fileEncoding = 4; lastKnownFileType = sourcecode.cpp.cpp; path = Point.cpp; sourceTree = "<group>"; };
		FD8A71DA263843CB008AEFFD /* Triangle.cpp */ = {isa = PBXFileReference; fileEncoding = 4; lastKnownFileType = sourcecode.cpp.cpp; path = Triangle.cpp; sourceTree = "<group>"; };
		FD8A71DC263843CB008AEFFD /* Oval.cpp */ = {isa = PBXFileReference; fileEncoding = 4; lastKnownFileType = sourcecode.cpp.cpp; path = Oval.cpp; sourceTree = "<group>"; };
		FD8A71DF263843CB008AEFFD /* main.cpp */ = {isa = PBXFileReference; fileEncoding = 4; lastKnownFileType = sourcecode.cpp.cpp; path = main.cpp; sourceTree = "<group>"; };
		FD8A71E2263843CB008AEFFD /* Point.hpp */ = {isa = PBXFileReference; fileEncoding = 4; lastKnownFileType = sourcecode.cpp.h; path = Point.hpp; sourceTree = "<group>"; };
		FD8A71E3263843CB008AEFFD /* GlobalVar.hpp */ = {isa = PBXFileReference; fileEncoding = 4; lastKnownFileType = sourcecode.cpp.h; path = GlobalVar.hpp; sourceTree = "<group>"; };
		FD8A71E4263843CB008AEFFD /* Canvas.hpp */ = {isa = PBXFileReference; fileEncoding = 4; lastKnownFileType = sourcecode.cpp.h; path = Canvas.hpp; sourceTree = "<group>"; };
		FD8A71F2263843E3008AEFFD /* OpenGL.framework */ = {isa = PBXFileReference; lastKnownFileType = wrapper.framework; name = OpenGL.framework; path = System/Library/Frameworks/OpenGL.framework; sourceTree = SDKROOT; };
		FD8A71F4263843E6008AEFFD /* GLUT.framework */ = {isa = PBXFileReference; lastKnownFileType = wrapper.framework; name = GLUT.framework; path = System/Library/Frameworks/GLUT.framework; sourceTree = SDKROOT; };
		FDEDC6E12639931C0009AAA3 /* Matrix.cpp */ = {isa = PBXFileReference; lastKnownFileType = sourcecode.cpp.cpp; path = Matrix.cpp; sourceTree = "<group>"; };
		FDEDC6E22639931C0009AAA3 /* Matrix.hpp */ = {isa = PBXFileReference; lastKnownFileType = sourcecode.cpp.h; path = Matrix.hpp; sourceTree = "<group>"; };
/* End PBXFileReference section */

/* Begin PBXFrameworksBuildPhase section */
		FD8A71C626384385008AEFFD /* Frameworks */ = {
			isa = PBXFrameworksBuildPhase;
			buildActionMask = 2147483647;
			files = (
				FD8A71F5263843E6008AEFFD /* GLUT.framework in Frameworks */,
				FD8A71F3263843E3008AEFFD /* OpenGL.framework in Frameworks */,
			);
			runOnlyForDeploymentPostprocessing = 0;
		};
/* End PBXFrameworksBuildPhase section */

/* Begin PBXGroup section */
		FD8A71C026384385008AEFFD = {
			isa = PBXGroup;
			children = (
				FD8A71CB26384385008AEFFD /* Lab03 */,
				FD8A71CA26384385008AEFFD /* Products */,
				FD8A71F1263843E2008AEFFD /* Frameworks */,
			);
			sourceTree = "<group>";
		};
		FD8A71CA26384385008AEFFD /* Products */ = {
			isa = PBXGroup;
			children = (
				FD8A71C926384385008AEFFD /* Lab03 */,
			);
			name = Products;
			sourceTree = "<group>";
		};
		FD8A71CB26384385008AEFFD /* Lab03 */ = {
			isa = PBXGroup;
			children = (
				FD8A71E0263843CB008AEFFD /* include */,
				FD8A71D4263843CB008AEFFD /* lib */,
				FD8A71DE263843CB008AEFFD /* test */,
			);
			path = Lab03;
			sourceTree = "<group>";
		};
		FD8A71D4263843CB008AEFFD /* lib */ = {
			isa = PBXGroup;
			children = (
				FD8A71D5263843CB008AEFFD /* Line.cpp */,
				FD8A71D6263843CB008AEFFD /* Canvas.cpp */,
				FD8A71D7263843CB008AEFFD /* GlobalVar.cpp */,
				FD8A71D8263843CB008AEFFD /* Quadrilateral.cpp */,
				FDEDC6E12639931C0009AAA3 /* Matrix.cpp */,
				FD8A71D9263843CB008AEFFD /* Point.cpp */,
				FD8A71DA263843CB008AEFFD /* Triangle.cpp */,
				FD8A71DC263843CB008AEFFD /* Oval.cpp */,
			);
			path = lib;
			sourceTree = "<group>";
		};
		FD8A71DE263843CB008AEFFD /* test */ = {
			isa = PBXGroup;
			children = (
				FD8A71DF263843CB008AEFFD /* main.cpp */,
			);
			path = test;
			sourceTree = "<group>";
		};
		FD8A71E0263843CB008AEFFD /* include */ = {
			isa = PBXGroup;
			children = (
				FD8A71E2263843CB008AEFFD /* Point.hpp */,
				FD8A71E3263843CB008AEFFD /* GlobalVar.hpp */,
				FDEDC6E22639931C0009AAA3 /* Matrix.hpp */,
				FD8A71E4263843CB008AEFFD /* Canvas.hpp */,
			);
			path = include;
			sourceTree = "<group>";
		};
		FD8A71F1263843E2008AEFFD /* Frameworks */ = {
			isa = PBXGroup;
			children = (
				FD8A71F4263843E6008AEFFD /* GLUT.framework */,
				FD8A71F2263843E3008AEFFD /* OpenGL.framework */,
			);
			name = Frameworks;
			sourceTree = "<group>";
		};
/* End PBXGroup section */

/* Begin PBXNativeTarget section */
		FD8A71C826384385008AEFFD /* Lab03 */ = {
			isa = PBXNativeTarget;
			buildConfigurationList = FD8A71D026384385008AEFFD /* Build configuration list for PBXNativeTarget "Lab03" */;
			buildPhases = (
				FD8A71C526384385008AEFFD /* Sources */,
				FD8A71C626384385008AEFFD /* Frameworks */,
				FD8A71C726384385008AEFFD /* CopyFiles */,
			);
			buildRules = (
			);
			dependencies = (
			);
			name = Lab03;
			productName = Lab03;
			productReference = FD8A71C926384385008AEFFD /* Lab03 */;
			productType = "com.apple.product-type.tool";
		};
/* End PBXNativeTarget section */

/* Begin PBXProject section */
		FD8A71C126384385008AEFFD /* Project object */ = {
			isa = PBXProject;
			attributes = {
				LastUpgradeCheck = 1250;
				TargetAttributes = {
					FD8A71C826384385008AEFFD = {
						CreatedOnToolsVersion = 12.4;
					};
				};
			};
			buildConfigurationList = FD8A71C426384385008AEFFD /* Build configuration list for PBXProject "Lab03" */;
			compatibilityVersion = "Xcode 9.3";
			developmentRegion = en;
			hasScannedForEncodings = 0;
			knownRegions = (
				en,
				Base,
			);
			mainGroup = FD8A71C026384385008AEFFD;
			productRefGroup = FD8A71CA26384385008AEFFD /* Products */;
			projectDirPath = "";
			projectRoot = "";
			targets = (
				FD8A71C826384385008AEFFD /* Lab03 */,
			);
		};
/* End PBXProject section */

/* Begin PBXSourcesBuildPhase section */
		FD8A71C526384385008AEFFD /* Sources */ = {
			isa = PBXSourcesBuildPhase;
			buildActionMask = 2147483647;
			files = (
				FD8A71EC263843CB008AEFFD /* Oval.cpp in Sources */,
				FD8A71E9263843CB008AEFFD /* Point.cpp in Sources */,
				FD8A71E7263843CB008AEFFD /* GlobalVar.cpp in Sources */,
				FDEDC6E32639931C0009AAA3 /* Matrix.cpp in Sources */,
				FD8A71EE263843CC008AEFFD /* main.cpp in Sources */,
				FD8A71EA263843CB008AEFFD /* Triangle.cpp in Sources */,
				FD8A71E5263843CB008AEFFD /* Line.cpp in Sources */,
				FD8A71E6263843CB008AEFFD /* Canvas.cpp in Sources */,
				FD8A71E8263843CB008AEFFD /* Quadrilateral.cpp in Sources */,
			);
			runOnlyForDeploymentPostprocessing = 0;
		};
/* End PBXSourcesBuildPhase section */

/* Begin XCBuildConfiguration section */
		FD8A71CE26384385008AEFFD /* Debug */ = {
			isa = XCBuildConfiguration;
			buildSettings = {
				ALWAYS_SEARCH_USER_PATHS = NO;
				CLANG_ANALYZER_NONNULL = YES;
				CLANG_ANALYZER_NUMBER_OBJECT_CONVERSION = YES_AGGRESSIVE;
				CLANG_CXX_LANGUAGE_STANDARD = "gnu++14";
				CLANG_CXX_LIBRARY = "libc++";
				CLANG_ENABLE_MODULES = YES;
				CLANG_ENABLE_OBJC_ARC = YES;
				CLANG_ENABLE_OBJC_WEAK = YES;
				CLANG_WARN_BLOCK_CAPTURE_AUTORELEASING = YES;
				CLANG_WARN_BOOL_CONVERSION = YES;
				CLANG_WARN_COMMA = YES;
				CLANG_WARN_CONSTANT_CONVERSION = YES;
				CLANG_WARN_DEPRECATED_OBJC_IMPLEMENTATIONS = YES;
				CLANG_WARN_DIRECT_OBJC_ISA_USAGE = YES_ERROR;
				CLANG_WARN_DOCUMENTATION_COMMENTS = YES;
				CLANG_WARN_EMPTY_BODY = YES;
				CLANG_WARN_ENUM_CONVERSION = YES;
				CLANG_WARN_INFINITE_RECURSION = YES;
				CLANG_WARN_INT_CONVERSION = YES;
				CLANG_WARN_NON_LITERAL_NULL_CONVERSION = YES;
				CLANG_WARN_OBJC_IMPLICIT_RETAIN_SELF = YES;
				CLANG_WARN_OBJC_LITERAL_CONVERSION = YES;
				CLANG_WARN_OBJC_ROOT_CLASS = YES_ERROR;
				CLANG_WARN_QUOTED_INCLUDE_IN_FRAMEWORK_HEADER = YES;
				CLANG_WARN_RANGE_LOOP_ANALYSIS = YES;
				CLANG_WARN_STRICT_PROTOTYPES = YES;
				CLANG_WARN_SUSPICIOUS_MOVE = YES;
				CLANG_WARN_UNGUARDED_AVAILABILITY = YES_AGGRESSIVE;
				CLANG_WARN_UNREACHABLE_CODE = YES;
				CLANG_WARN__DUPLICATE_METHOD_MATCH = YES;
				COPY_PHASE_STRIP = NO;
				DEBUG_INFORMATION_FORMAT = dwarf;
				ENABLE_STRICT_OBJC_MSGSEND = YES;
				ENABLE_TESTABILITY = YES;
				GCC_C_LANGUAGE_STANDARD = gnu11;
				GCC_DYNAMIC_NO_PIC = NO;
				GCC_NO_COMMON_BLOCKS = YES;
				GCC_OPTIMIZATION_LEVEL = 0;
				GCC_PREPROCESSOR_DEFINITIONS = (
					"DEBUG=1",
					"$(inherited)",
				);
				GCC_WARN_64_TO_32_BIT_CONVERSION = YES;
				GCC_WARN_ABOUT_RETURN_TYPE = YES_ERROR;
				GCC_WARN_UNDECLARED_SELECTOR = YES;
				GCC_WARN_UNINITIALIZED_AUTOS = YES_AGGRESSIVE;
				GCC_WARN_UNUSED_FUNCTION = YES;
				GCC_WARN_UNUSED_VARIABLE = YES;
				MACOSX_DEPLOYMENT_TARGET = 11.1;
				MTL_ENABLE_DEBUG_INFO = INCLUDE_SOURCE;
				MTL_FAST_MATH = YES;
				ONLY_ACTIVE_ARCH = YES;
				SDKROOT = macosx;
			};
			name = Debug;
		};
		FD8A71CF26384385008AEFFD /* Release */ = {
			isa = XCBuildConfiguration;
			buildSettings = {
				ALWAYS_SEARCH_USER_PATHS = NO;
				CLANG_ANALYZER_NONNULL = YES;
				CLANG_ANALYZER_NUMBER_OBJECT_CONVERSION = YES_AGGRESSIVE;
				CLANG_CXX_LANGUAGE_STANDARD = "gnu++14";
				CLANG_CXX_LIBRARY = "libc++";
				CLANG_ENABLE_MODULES = YES;
				CLANG_ENABLE_OBJC_ARC = YES;
				CLANG_ENABLE_OBJC_WEAK = YES;
				CLANG_WARN_BLOCK_CAPTURE_AUTORELEASING = YES;
				CLANG_WARN_BOOL_CONVERSION = YES;
				CLANG_WARN_COMMA = YES;
				CLANG_WARN_CONSTANT_CONVERSION = YES;
				CLANG_WARN_DEPRECATED_OBJC_IMPLEMENTATIONS = YES;
				CLANG_WARN_DIRECT_OBJC_ISA_USAGE = YES_ERROR;
				CLANG_WARN_DOCUMENTATION_COMMENTS = YES;
				CLANG_WARN_EMPTY_BODY = YES;
				CLANG_WARN_ENUM_CONVERSION = YES;
				CLANG_WARN_INFINITE_RECURSION = YES;
				CLANG_WARN_INT_CONVERSION = YES;
				CLANG_WARN_NON_LITERAL_NULL_CONVERSION = YES;
				CLANG_WARN_OBJC_IMPLICIT_RETAIN_SELF = YES;
				CLANG_WARN_OBJC_LITERAL_CONVERSION = YES;
				CLANG_WARN_OBJC_ROOT_CLASS = YES_ERROR;
				CLANG_WARN_QUOTED_INCLUDE_IN_FRAMEWORK_HEADER = YES;
				CLANG_WARN_RANGE_LOOP_ANALYSIS = YES;
				CLANG_WARN_STRICT_PROTOTYPES = YES;
				CLANG_WARN_SUSPICIOUS_MOVE = YES;
				CLANG_WARN_UNGUARDED_AVAILABILITY = YES_AGGRESSIVE;
				CLANG_WARN_UNREACHABLE_CODE = YES;
				CLANG_WARN__DUPLICATE_METHOD_MATCH = YES;
				COPY_PHASE_STRIP = NO;
				DEBUG_INFORMATION_FORMAT = "dwarf-with-dsym";
				ENABLE_NS_ASSERTIONS = NO;
				ENABLE_STRICT_OBJC_MSGSEND = YES;
				GCC_C_LANGUAGE_STANDARD = gnu11;
				GCC_NO_COMMON_BLOCKS = YES;
				GCC_WARN_64_TO_32_BIT_CONVERSION = YES;
				GCC_WARN_ABOUT_RETURN_TYPE = YES_ERROR;
				GCC_WARN_UNDECLARED_SELECTOR = YES;
				GCC_WARN_UNINITIALIZED_AUTOS = YES_AGGRESSIVE;
				GCC_WARN_UNUSED_FUNCTION = YES;
				GCC_WARN_UNUSED_VARIABLE = YES;
				MACOSX_DEPLOYMENT_TARGET = 11.1;
				MTL_ENABLE_DEBUG_INFO = NO;
				MTL_FAST_MATH = YES;
				SDKROOT = macosx;
			};
			name = Release;
		};
		FD8A71D126384385008AEFFD /* Debug */ = {
			isa = XCBuildConfiguration;
			buildSettings = {
				CLANG_CXX_LANGUAGE_STANDARD = "c++17";
				CODE_SIGN_IDENTITY = "-";
				CODE_SIGN_STYLE = Automatic;
				HEADER_SEARCH_PATHS = usr/local/include;
				PRODUCT_NAME = "$(TARGET_NAME)";
			};
			name = Debug;
		};
		FD8A71D226384385008AEFFD /* Release */ = {
			isa = XCBuildConfiguration;
			buildSettings = {
				CLANG_CXX_LANGUAGE_STANDARD = "c++17";
				CODE_SIGN_IDENTITY = "-";
				CODE_SIGN_STYLE = Automatic;
				HEADER_SEARCH_PATHS = usr/local/include;
				PRODUCT_NAME = "$(TARGET_NAME)";
			};
			name = Release;
		};
/* End XCBuildConfiguration section */

/* Begin XCConfigurationList section */
		FD8A71C426384385008AEFFD /* Build configuration list for PBXProject "Lab03" */ = {
			isa = XCConfigurationList;
			buildConfigurations = (
				FD8A71CE26384385008AEFFD /* Debug */,
				FD8A71CF26384385008AEFFD /* Release */,
			);
			defaultConfigurationIsVisible = 0;
			defaultConfigurationName = Release;
		};
		FD8A71D026384385008AEFFD /* Build configuration list for PBXNativeTarget "Lab03" */ = {
			isa = XCConfigurationList;
			buildConfigurations = (
				FD8A71D126384385008AEFFD /* Debug */,
				FD8A71D226384385008AEFFD /* Release */,
			);
			defaultConfigurationIsVisible = 0;
			defaultConfigurationName = Release;
		};
/* End XCConfigurationList section */
	};
	rootObject = FD8A71C126384385008AEFFD /* Project object */;
}
